
Microsoft Visual Studio Solution File, Format Version 12.00
# Visual Studio Version 16
VisualStudioVersion = 16.0.31515.178
MinimumVisualStudioVersion = 10.0.40219.1
Project("{FAE04EC0-301F-11D3-BF4B-00C04F79EFBC}") = "Nerdosity_V002", "Nerdosity_V002\Nerdosity_V002.csproj", "{CE9EB24F-2267-442F-AD96-BC140BE980CA}"
EndProject
Global
	GlobalSection(SolutionConfigurationPlatforms) = preSolution
		Debug|Any CPU = Debug|Any CPU
		Release|Any CPU = Release|Any CPU
	EndGlobalSection
	GlobalSection(ProjectConfigurationPlatforms) = postSolution
		{CE9EB24F-2267-442F-AD96-BC140BE980CA}.Debug|Any CPU.ActiveCfg = Debug|Any CPU
		{CE9EB24F-2267-442F-AD96-BC140BE980CA}.Debug|Any CPU.Build.0 = Debug|Any CPU
		{CE9EB24F-2267-442F-AD96-BC140BE980CA}.Release|Any CPU.ActiveCfg = Release|Any CPU
		{CE9EB24F-2267-442F-AD96-BC140BE980CA}.Release|Any CPU.Build.0 = Release|Any CPU
	EndGlobalSection
	GlobalSection(SolutionProperties) = preSolution
		HideSolutionNode = FALSE
	EndGlobalSection
	GlobalSection(ExtensibilityGlobals) = postSolution
		SolutionGuid = {DD21EE42-0A93-44D6-AEF0-0430D10BF8A4}
	EndGlobalSection
EndGlobal
